
Microsoft Visual Studio Solution File, Format Version 12.00
# Visual Studio 15
VisualStudioVersion = 15.0.27428.2043
MinimumVisualStudioVersion = 10.0.40219.1
Project("{2150E333-8FDC-42A3-9474-1A3956D46DE8}") = "HealthDependencies", "HealthDependencies", "{0D4BAE24-25A5-4347-852B-C06DA362FB7A}"
EndProject
Project("{2150E333-8FDC-42A3-9474-1A3956D46DE8}") = "test", "test", "{F51246C9-569D-475A-9120-3B130A40DFF1}"
EndProject
Project("{9A19103F-16F7-4668-BE54-9A1E7A4F7556}") = "DrHouse", "src\DrHouse\DrHouse.csproj", "{B0BEF15C-545E-4BDE-B004-ACD673287AF4}"
EndProject
Project("{FAE04EC0-301F-11D3-BF4B-00C04F79EFBC}") = "DrHouse.Directory", "src\DrHouse.Directory\DrHouse.Directory.csproj", "{5AC4F10B-FC38-4FF3-8D4A-B3853B92E59C}"
EndProject
Project("{FAE04EC0-301F-11D3-BF4B-00C04F79EFBC}") = "DrHouse.SqlServer", "src\DrHouse.SqlServer\DrHouse.SqlServer.csproj", "{D6AF16E5-537C-40BA-B1C4-2C3D7BB1C13D}"
EndProject
Project("{FAE04EC0-301F-11D3-BF4B-00C04F79EFBC}") = "DrHouse.Telnet", "src\DrHouse.Telnet\DrHouse.Telnet.csproj", "{CAA36839-8BAC-46D2-887A-163CAFE3C082}"
EndProject
Project("{FAE04EC0-301F-11D3-BF4B-00C04F79EFBC}") = "DrHouse.UnitTest", "test\DrHouse.UnitTest\DrHouse.UnitTest.csproj", "{89D0BE15-E265-468D-9ECC-6DD1AA4BA50F}"
EndProject
Global
	GlobalSection(SolutionConfigurationPlatforms) = preSolution
		Debug|Any CPU = Debug|Any CPU
		Debug45|Any CPU = Debug45|Any CPU
		Debug452|Any CPU = Debug452|Any CPU
		Release|Any CPU = Release|Any CPU
		Release45|Any CPU = Release45|Any CPU
		Release452|Any CPU = Release452|Any CPU
	EndGlobalSection
	GlobalSection(ProjectConfigurationPlatforms) = postSolution
		{B0BEF15C-545E-4BDE-B004-ACD673287AF4}.Debug|Any CPU.ActiveCfg = Debug|Any CPU
		{B0BEF15C-545E-4BDE-B004-ACD673287AF4}.Debug|Any CPU.Build.0 = Debug|Any CPU
		{B0BEF15C-545E-4BDE-B004-ACD673287AF4}.Debug45|Any CPU.ActiveCfg = Debug|Any CPU
		{B0BEF15C-545E-4BDE-B004-ACD673287AF4}.Debug45|Any CPU.Build.0 = Debug|Any CPU
		{B0BEF15C-545E-4BDE-B004-ACD673287AF4}.Debug452|Any CPU.ActiveCfg = Debug|Any CPU
		{B0BEF15C-545E-4BDE-B004-ACD673287AF4}.Debug452|Any CPU.Build.0 = Debug|Any CPU
		{B0BEF15C-545E-4BDE-B004-ACD673287AF4}.Release|Any CPU.ActiveCfg = Release|Any CPU
		{B0BEF15C-545E-4BDE-B004-ACD673287AF4}.Release|Any CPU.Build.0 = Release|Any CPU
		{B0BEF15C-545E-4BDE-B004-ACD673287AF4}.Release45|Any CPU.ActiveCfg = Release|Any CPU
		{B0BEF15C-545E-4BDE-B004-ACD673287AF4}.Release45|Any CPU.Build.0 = Release|Any CPU
		{B0BEF15C-545E-4BDE-B004-ACD673287AF4}.Release452|Any CPU.ActiveCfg = Release|Any CPU
		{B0BEF15C-545E-4BDE-B004-ACD673287AF4}.Release452|Any CPU.Build.0 = Release|Any CPU
		{5AC4F10B-FC38-4FF3-8D4A-B3853B92E59C}.Debug|Any CPU.ActiveCfg = Debug|Any CPU
		{5AC4F10B-FC38-4FF3-8D4A-B3853B92E59C}.Debug|Any CPU.Build.0 = Debug|Any CPU
		{5AC4F10B-FC38-4FF3-8D4A-B3853B92E59C}.Debug45|Any CPU.ActiveCfg = Debug|Any CPU
		{5AC4F10B-FC38-4FF3-8D4A-B3853B92E59C}.Debug45|Any CPU.Build.0 = Debug|Any CPU
		{5AC4F10B-FC38-4FF3-8D4A-B3853B92E59C}.Debug452|Any CPU.ActiveCfg = Debug|Any CPU
		{5AC4F10B-FC38-4FF3-8D4A-B3853B92E59C}.Debug452|Any CPU.Build.0 = Debug|Any CPU
		{5AC4F10B-FC38-4FF3-8D4A-B3853B92E59C}.Release|Any CPU.ActiveCfg = Release|Any CPU
		{5AC4F10B-FC38-4FF3-8D4A-B3853B92E59C}.Release|Any CPU.Build.0 = Release|Any CPU
		{5AC4F10B-FC38-4FF3-8D4A-B3853B92E59C}.Release45|Any CPU.ActiveCfg = Release|Any CPU
		{5AC4F10B-FC38-4FF3-8D4A-B3853B92E59C}.Release45|Any CPU.Build.0 = Release|Any CPU
		{5AC4F10B-FC38-4FF3-8D4A-B3853B92E59C}.Release452|Any CPU.ActiveCfg = Release|Any CPU
		{5AC4F10B-FC38-4FF3-8D4A-B3853B92E59C}.Release452|Any CPU.Build.0 = Release|Any CPU
		{D6AF16E5-537C-40BA-B1C4-2C3D7BB1C13D}.Debug|Any CPU.ActiveCfg = Debug|Any CPU
		{D6AF16E5-537C-40BA-B1C4-2C3D7BB1C13D}.Debug|Any CPU.Build.0 = Debug|Any CPU
		{D6AF16E5-537C-40BA-B1C4-2C3D7BB1C13D}.Debug45|Any CPU.ActiveCfg = Debug|Any CPU
		{D6AF16E5-537C-40BA-B1C4-2C3D7BB1C13D}.Debug45|Any CPU.Build.0 = Debug|Any CPU
		{D6AF16E5-537C-40BA-B1C4-2C3D7BB1C13D}.Debug452|Any CPU.ActiveCfg = Debug|Any CPU
		{D6AF16E5-537C-40BA-B1C4-2C3D7BB1C13D}.Debug452|Any CPU.Build.0 = Debug|Any CPU
		{D6AF16E5-537C-40BA-B1C4-2C3D7BB1C13D}.Release|Any CPU.ActiveCfg = Release|Any CPU
		{D6AF16E5-537C-40BA-B1C4-2C3D7BB1C13D}.Release|Any CPU.Build.0 = Release|Any CPU
		{D6AF16E5-537C-40BA-B1C4-2C3D7BB1C13D}.Release45|Any CPU.ActiveCfg = Release|Any CPU
		{D6AF16E5-537C-40BA-B1C4-2C3D7BB1C13D}.Release45|Any CPU.Build.0 = Release|Any CPU
		{D6AF16E5-537C-40BA-B1C4-2C3D7BB1C13D}.Release452|Any CPU.ActiveCfg = Release|Any CPU
		{D6AF16E5-537C-40BA-B1C4-2C3D7BB1C13D}.Release452|Any CPU.Build.0 = Release|Any CPU
		{CAA36839-8BAC-46D2-887A-163CAFE3C082}.Debug|Any CPU.ActiveCfg = Debug|Any CPU
		{CAA36839-8BAC-46D2-887A-163CAFE3C082}.Debug|Any CPU.Build.0 = Debug|Any CPU
		{CAA36839-8BAC-46D2-887A-163CAFE3C082}.Debug45|Any CPU.ActiveCfg = Debug|Any CPU
		{CAA36839-8BAC-46D2-887A-163CAFE3C082}.Debug45|Any CPU.Build.0 = Debug|Any CPU
		{CAA36839-8BAC-46D2-887A-163CAFE3C082}.Debug452|Any CPU.ActiveCfg = Debug|Any CPU
		{CAA36839-8BAC-46D2-887A-163CAFE3C082}.Debug452|Any CPU.Build.0 = Debug|Any CPU
		{CAA36839-8BAC-46D2-887A-163CAFE3C082}.Release|Any CPU.ActiveCfg = Release|Any CPU
		{CAA36839-8BAC-46D2-887A-163CAFE3C082}.Release|Any CPU.Build.0 = Release|Any CPU
		{CAA36839-8BAC-46D2-887A-163CAFE3C082}.Release45|Any CPU.ActiveCfg = Release|Any CPU
		{CAA36839-8BAC-46D2-887A-163CAFE3C082}.Release45|Any CPU.Build.0 = Release|Any CPU
		{CAA36839-8BAC-46D2-887A-163CAFE3C082}.Release452|Any CPU.ActiveCfg = Release|Any CPU
		{CAA36839-8BAC-46D2-887A-163CAFE3C082}.Release452|Any CPU.Build.0 = Release|Any CPU
		{89D0BE15-E265-468D-9ECC-6DD1AA4BA50F}.Debug|Any CPU.ActiveCfg = Debug|Any CPU
		{89D0BE15-E265-468D-9ECC-6DD1AA4BA50F}.Debug|Any CPU.Build.0 = Debug|Any CPU
		{89D0BE15-E265-468D-9ECC-6DD1AA4BA50F}.Debug45|Any CPU.ActiveCfg = Debug|Any CPU
		{89D0BE15-E265-468D-9ECC-6DD1AA4BA50F}.Debug45|Any CPU.Build.0 = Debug|Any CPU
		{89D0BE15-E265-468D-9ECC-6DD1AA4BA50F}.Debug452|Any CPU.ActiveCfg = Debug|Any CPU
		{89D0BE15-E265-468D-9ECC-6DD1AA4BA50F}.Debug452|Any CPU.Build.0 = Debug|Any CPU
		{89D0BE15-E265-468D-9ECC-6DD1AA4BA50F}.Release|Any CPU.ActiveCfg = Release|Any CPU
		{89D0BE15-E265-468D-9ECC-6DD1AA4BA50F}.Release|Any CPU.Build.0 = Release|Any CPU
		{89D0BE15-E265-468D-9ECC-6DD1AA4BA50F}.Release45|Any CPU.ActiveCfg = Release|Any CPU
		{89D0BE15-E265-468D-9ECC-6DD1AA4BA50F}.Release45|Any CPU.Build.0 = Release|Any CPU
		{89D0BE15-E265-468D-9ECC-6DD1AA4BA50F}.Release452|Any CPU.ActiveCfg = Release|Any CPU
		{89D0BE15-E265-468D-9ECC-6DD1AA4BA50F}.Release452|Any CPU.Build.0 = Release|Any CPU
	EndGlobalSection
	GlobalSection(SolutionProperties) = preSolution
		HideSolutionNode = FALSE
	EndGlobalSection
	GlobalSection(NestedProjects) = preSolution
		{5AC4F10B-FC38-4FF3-8D4A-B3853B92E59C} = {0D4BAE24-25A5-4347-852B-C06DA362FB7A}
		{D6AF16E5-537C-40BA-B1C4-2C3D7BB1C13D} = {0D4BAE24-25A5-4347-852B-C06DA362FB7A}
		{CAA36839-8BAC-46D2-887A-163CAFE3C082} = {0D4BAE24-25A5-4347-852B-C06DA362FB7A}
		{89D0BE15-E265-468D-9ECC-6DD1AA4BA50F} = {F51246C9-569D-475A-9120-3B130A40DFF1}
	EndGlobalSection
	GlobalSection(ExtensibilityGlobals) = postSolution
		SolutionGuid = {4391F986-B83A-4385-A4F5-5966AF555B29}
	EndGlobalSection
EndGlobal
