
Microsoft Visual Studio Solution File, Format Version 12.00
# Visual Studio 14
VisualStudioVersion = 14.0.25420.1
MinimumVisualStudioVersion = 10.0.40219.1
Project("{FAE04EC0-301F-11D3-BF4B-00C04F79EFBC}") = "DrHouse", "src\DrHouse\DrHouse.csproj", "{D9AE59F5-F2E9-4F7D-BD59-E847EF4346A7}"
EndProject
Project("{FAE04EC0-301F-11D3-BF4B-00C04F79EFBC}") = "DrHouse.UnitTest", "test\DrHouse.UnitTest\DrHouse.UnitTest.csproj", "{69444AF7-0369-444D-94C6-3E3261E29CAE}"
EndProject
Project("{2150E333-8FDC-42A3-9474-1A3956D46DE8}") = "HealthDependencies", "HealthDependencies", "{0D4BAE24-25A5-4347-852B-C06DA362FB7A}"
EndProject
Project("{FAE04EC0-301F-11D3-BF4B-00C04F79EFBC}") = "DrHouse.SqlServer", "src\DrHouse.SqlServer\DrHouse.SqlServer.csproj", "{0616E941-EC03-486E-A521-C3CD5B41248D}"
EndProject
Project("{2150E333-8FDC-42A3-9474-1A3956D46DE8}") = "test", "test", "{F51246C9-569D-475A-9120-3B130A40DFF1}"
EndProject
Project("{FAE04EC0-301F-11D3-BF4B-00C04F79EFBC}") = "DrHouse.Telnet", "src\DrHouse.Telnet\DrHouse.Telnet.csproj", "{C1793447-4A87-4281-96DF-62C2B921A200}"
EndProject
Project("{FAE04EC0-301F-11D3-BF4B-00C04F79EFBC}") = "DrHouse.Directory", "src\DrHouse.Directory\DrHouse.Directory.csproj", "{F887BF84-FBAB-4FC6-87EF-B04080B18252}"
EndProject
Global
	GlobalSection(SolutionConfigurationPlatforms) = preSolution
		Debug45|Any CPU = Debug45|Any CPU
		Debug452|Any CPU = Debug452|Any CPU
		Release45|Any CPU = Release45|Any CPU
		Release452|Any CPU = Release452|Any CPU
	EndGlobalSection
	GlobalSection(ProjectConfigurationPlatforms) = postSolution
		{D9AE59F5-F2E9-4F7D-BD59-E847EF4346A7}.Debug45|Any CPU.ActiveCfg = Debug452|Any CPU
		{D9AE59F5-F2E9-4F7D-BD59-E847EF4346A7}.Debug45|Any CPU.Build.0 = Debug452|Any CPU
		{D9AE59F5-F2E9-4F7D-BD59-E847EF4346A7}.Debug452|Any CPU.ActiveCfg = Debug452|Any CPU
		{D9AE59F5-F2E9-4F7D-BD59-E847EF4346A7}.Debug452|Any CPU.Build.0 = Debug452|Any CPU
		{D9AE59F5-F2E9-4F7D-BD59-E847EF4346A7}.Release45|Any CPU.ActiveCfg = Release45|Any CPU
		{D9AE59F5-F2E9-4F7D-BD59-E847EF4346A7}.Release45|Any CPU.Build.0 = Release45|Any CPU
		{D9AE59F5-F2E9-4F7D-BD59-E847EF4346A7}.Release452|Any CPU.ActiveCfg = Release452|Any CPU
		{D9AE59F5-F2E9-4F7D-BD59-E847EF4346A7}.Release452|Any CPU.Build.0 = Release452|Any CPU
		{69444AF7-0369-444D-94C6-3E3261E29CAE}.Debug45|Any CPU.ActiveCfg = Debug45|Any CPU
		{69444AF7-0369-444D-94C6-3E3261E29CAE}.Debug45|Any CPU.Build.0 = Debug45|Any CPU
		{69444AF7-0369-444D-94C6-3E3261E29CAE}.Debug452|Any CPU.ActiveCfg = Debug452|Any CPU
		{69444AF7-0369-444D-94C6-3E3261E29CAE}.Debug452|Any CPU.Build.0 = Debug452|Any CPU
		{69444AF7-0369-444D-94C6-3E3261E29CAE}.Release45|Any CPU.ActiveCfg = Release45|Any CPU
		{69444AF7-0369-444D-94C6-3E3261E29CAE}.Release45|Any CPU.Build.0 = Release45|Any CPU
		{69444AF7-0369-444D-94C6-3E3261E29CAE}.Release452|Any CPU.ActiveCfg = Release452|Any CPU
		{69444AF7-0369-444D-94C6-3E3261E29CAE}.Release452|Any CPU.Build.0 = Release452|Any CPU
		{0616E941-EC03-486E-A521-C3CD5B41248D}.Debug45|Any CPU.ActiveCfg = Debug452|Any CPU
		{0616E941-EC03-486E-A521-C3CD5B41248D}.Debug45|Any CPU.Build.0 = Debug452|Any CPU
		{0616E941-EC03-486E-A521-C3CD5B41248D}.Debug452|Any CPU.ActiveCfg = Debug452|Any CPU
		{0616E941-EC03-486E-A521-C3CD5B41248D}.Debug452|Any CPU.Build.0 = Debug452|Any CPU
		{0616E941-EC03-486E-A521-C3CD5B41248D}.Release45|Any CPU.ActiveCfg = Release45|Any CPU
		{0616E941-EC03-486E-A521-C3CD5B41248D}.Release45|Any CPU.Build.0 = Release45|Any CPU
		{0616E941-EC03-486E-A521-C3CD5B41248D}.Release452|Any CPU.ActiveCfg = Release452|Any CPU
		{0616E941-EC03-486E-A521-C3CD5B41248D}.Release452|Any CPU.Build.0 = Release452|Any CPU
		{C1793447-4A87-4281-96DF-62C2B921A200}.Debug45|Any CPU.ActiveCfg = Debug452|Any CPU
		{C1793447-4A87-4281-96DF-62C2B921A200}.Debug45|Any CPU.Build.0 = Debug452|Any CPU
		{C1793447-4A87-4281-96DF-62C2B921A200}.Debug452|Any CPU.ActiveCfg = Debug452|Any CPU
		{C1793447-4A87-4281-96DF-62C2B921A200}.Debug452|Any CPU.Build.0 = Debug452|Any CPU
		{C1793447-4A87-4281-96DF-62C2B921A200}.Release45|Any CPU.ActiveCfg = Release45|Any CPU
		{C1793447-4A87-4281-96DF-62C2B921A200}.Release45|Any CPU.Build.0 = Release45|Any CPU
		{C1793447-4A87-4281-96DF-62C2B921A200}.Release452|Any CPU.ActiveCfg = Release452|Any CPU
		{C1793447-4A87-4281-96DF-62C2B921A200}.Release452|Any CPU.Build.0 = Release452|Any CPU
		{F887BF84-FBAB-4FC6-87EF-B04080B18252}.Debug45|Any CPU.ActiveCfg = Debug452|Any CPU
		{F887BF84-FBAB-4FC6-87EF-B04080B18252}.Debug45|Any CPU.Build.0 = Debug452|Any CPU
		{F887BF84-FBAB-4FC6-87EF-B04080B18252}.Debug452|Any CPU.ActiveCfg = Debug452|Any CPU
		{F887BF84-FBAB-4FC6-87EF-B04080B18252}.Debug452|Any CPU.Build.0 = Debug452|Any CPU
		{F887BF84-FBAB-4FC6-87EF-B04080B18252}.Release45|Any CPU.ActiveCfg = Release45|Any CPU
		{F887BF84-FBAB-4FC6-87EF-B04080B18252}.Release45|Any CPU.Build.0 = Release45|Any CPU
		{F887BF84-FBAB-4FC6-87EF-B04080B18252}.Release452|Any CPU.ActiveCfg = Release452|Any CPU
		{F887BF84-FBAB-4FC6-87EF-B04080B18252}.Release452|Any CPU.Build.0 = Release452|Any CPU
	EndGlobalSection
	GlobalSection(SolutionProperties) = preSolution
		HideSolutionNode = FALSE
	EndGlobalSection
	GlobalSection(NestedProjects) = preSolution
		{69444AF7-0369-444D-94C6-3E3261E29CAE} = {F51246C9-569D-475A-9120-3B130A40DFF1}
		{0616E941-EC03-486E-A521-C3CD5B41248D} = {0D4BAE24-25A5-4347-852B-C06DA362FB7A}
		{C1793447-4A87-4281-96DF-62C2B921A200} = {0D4BAE24-25A5-4347-852B-C06DA362FB7A}
		{F887BF84-FBAB-4FC6-87EF-B04080B18252} = {0D4BAE24-25A5-4347-852B-C06DA362FB7A}
	EndGlobalSection
EndGlobal
